// !$*UTF8*$!
{
	archiveVersion = 1;
	classes = {
	};
	objectVersion = 50;
	objects = {

/* Begin PBXBuildFile section */
		55041796D6FDEA73B0DBB9C1 /* Pods_ExplainEd.framework in Frameworks */ = {isa = PBXBuildFile; fileRef = FE33936FD9FA9AC686AFF7C9 /* Pods_ExplainEd.framework */; };
		685D649921A2608400B90D1A /* LoginViewController.swift in Sources */ = {isa = PBXBuildFile; fileRef = 685D649821A2608400B90D1A /* LoginViewController.swift */; };
		685D649B21A2609600B90D1A /* SignupViewController.swift in Sources */ = {isa = PBXBuildFile; fileRef = 685D649A21A2609600B90D1A /* SignupViewController.swift */; };
		685D649D21A260BD00B90D1A /* InitialViewController.swift in Sources */ = {isa = PBXBuildFile; fileRef = 685D649C21A260BD00B90D1A /* InitialViewController.swift */; };
		685D64A021A260F600B90D1A /* OnboardingViewController.swift in Sources */ = {isa = PBXBuildFile; fileRef = 685D649F21A260F600B90D1A /* OnboardingViewController.swift */; };
		685D64A321A261F000B90D1A /* GoogleService-Info.plist in Resources */ = {isa = PBXBuildFile; fileRef = 685D64A221A261F000B90D1A /* GoogleService-Info.plist */; };
		685D64A621A26B0500B90D1A /* FirebaseUser.swift in Sources */ = {isa = PBXBuildFile; fileRef = 685D64A521A26B0500B90D1A /* FirebaseUser.swift */; };
		685D64A821A26BC600B90D1A /* UserProfile.swift in Sources */ = {isa = PBXBuildFile; fileRef = 685D64A721A26BC600B90D1A /* UserProfile.swift */; };
		686A60E521A8F87D0024B045 /* SidebarView.swift in Sources */ = {isa = PBXBuildFile; fileRef = 686A60E421A8F87D0024B045 /* SidebarView.swift */; };
		686A60E721A8F8AE0024B045 /* ViewController.swift in Sources */ = {isa = PBXBuildFile; fileRef = 686A60E621A8F8AE0024B045 /* ViewController.swift */; };
		686A60E921A8F8C80024B045 /* EditProfileVC.swift in Sources */ = {isa = PBXBuildFile; fileRef = 686A60E821A8F8C80024B045 /* EditProfileVC.swift */; };
		6899E96621A2975D0089E7D6 /* AboutViewController.swift in Sources */ = {isa = PBXBuildFile; fileRef = 6899E96521A2975D0089E7D6 /* AboutViewController.swift */; };
		6899E96821A297D20089E7D6 /* ErrorAlert.swift in Sources */ = {isa = PBXBuildFile; fileRef = 6899E96721A297D20089E7D6 /* ErrorAlert.swift */; };
		6899E96A21A2981F0089E7D6 /* UIColor.swift in Sources */ = {isa = PBXBuildFile; fileRef = 6899E96921A2981F0089E7D6 /* UIColor.swift */; };
		68A2437A21AB50BC00E2127E /* ViewController1.swift in Sources */ = {isa = PBXBuildFile; fileRef = 68A2437921AB50BC00E2127E /* ViewController1.swift */; };
		68A2437E21AB50D600E2127E /* ViewController2.swift in Sources */ = {isa = PBXBuildFile; fileRef = 68A2437D21AB50D600E2127E /* ViewController2.swift */; };
		68C16F2221B6014B00C190B8 /* MiniTabBar.swift in Sources */ = {isa = PBXBuildFile; fileRef = 68C16F2121B6014B00C190B8 /* MiniTabBar.swift */; };
		68C16F2421B6016D00C190B8 /* MiniTabBarItemView.swift in Sources */ = {isa = PBXBuildFile; fileRef = 68C16F2321B6016D00C190B8 /* MiniTabBarItemView.swift */; };
		68D11A7D21C766B4006DA584 /* InstagramUserInfoTableViewCell.swift in Sources */ = {isa = PBXBuildFile; fileRef = 68D11A7C21C766B4006DA584 /* InstagramUserInfoTableViewCell.swift */; };
		79919EF52FEF1F1D327C2143 /* Pods_ExplainEdTests.framework in Frameworks */ = {isa = PBXBuildFile; fileRef = E14362B08F41DCAECA802D61 /* Pods_ExplainEdTests.framework */; };
		861C704AF691CAC235176B18 /* Pods_ExplainEdUITests.framework in Frameworks */ = {isa = PBXBuildFile; fileRef = 130947F23D42E87306EAA1ED /* Pods_ExplainEdUITests.framework */; };
		C30207D62197DE5000BE6646 /* Media.xcassets in Resources */ = {isa = PBXBuildFile; fileRef = C30207D52197DE5000BE6646 /* Media.xcassets */; };
		C3B5108A215208C800594809 /* AppDelegate.swift in Sources */ = {isa = PBXBuildFile; fileRef = C3B51089215208C800594809 /* AppDelegate.swift */; };
		C3B51091215208C800594809 /* Main.storyboard in Resources */ = {isa = PBXBuildFile; fileRef = C3B5108F215208C800594809 /* Main.storyboard */; };
		C3B51096215208CA00594809 /* LaunchScreen.storyboard in Resources */ = {isa = PBXBuildFile; fileRef = C3B51094215208CA00594809 /* LaunchScreen.storyboard */; };
		C3B510A1215208CA00594809 /* ExplainEdTests.swift in Sources */ = {isa = PBXBuildFile; fileRef = C3B510A0215208CA00594809 /* ExplainEdTests.swift */; };
		C3B510AC215208CA00594809 /* ExplainEdUITests.swift in Sources */ = {isa = PBXBuildFile; fileRef = C3B510AB215208CA00594809 /* ExplainEdUITests.swift */; };
/* End PBXBuildFile section */

/* Begin PBXContainerItemProxy section */
		C3B5109D215208CA00594809 /* PBXContainerItemProxy */ = {
			isa = PBXContainerItemProxy;
			containerPortal = C3B5107E215208C800594809 /* Project object */;
			proxyType = 1;
			remoteGlobalIDString = C3B51085215208C800594809;
			remoteInfo = ExplainEd;
		};
		C3B510A8215208CA00594809 /* PBXContainerItemProxy */ = {
			isa = PBXContainerItemProxy;
			containerPortal = C3B5107E215208C800594809 /* Project object */;
			proxyType = 1;
			remoteGlobalIDString = C3B51085215208C800594809;
			remoteInfo = ExplainEd;
		};
/* End PBXContainerItemProxy section */

/* Begin PBXFileReference section */
		130947F23D42E87306EAA1ED /* Pods_ExplainEdUITests.framework */ = {isa = PBXFileReference; explicitFileType = wrapper.framework; includeInIndex = 0; path = Pods_ExplainEdUITests.framework; sourceTree = BUILT_PRODUCTS_DIR; };
		15D34F25494A2D43748F94C7 /* Pods-ExplainEdTests.release.xcconfig */ = {isa = PBXFileReference; includeInIndex = 1; lastKnownFileType = text.xcconfig; name = "Pods-ExplainEdTests.release.xcconfig"; path = "Pods/Target Support Files/Pods-ExplainEdTests/Pods-ExplainEdTests.release.xcconfig"; sourceTree = "<group>"; };
		180E72B3FCDAB9C9EA224C75 /* Pods-ExplainEd.release.xcconfig */ = {isa = PBXFileReference; includeInIndex = 1; lastKnownFileType = text.xcconfig; name = "Pods-ExplainEd.release.xcconfig"; path = "Pods/Target Support Files/Pods-ExplainEd/Pods-ExplainEd.release.xcconfig"; sourceTree = "<group>"; };
		2FDC0D48C6FCF84EBF7698C3 /* Pods-ExplainEd.debug.xcconfig */ = {isa = PBXFileReference; includeInIndex = 1; lastKnownFileType = text.xcconfig; name = "Pods-ExplainEd.debug.xcconfig"; path = "Pods/Target Support Files/Pods-ExplainEd/Pods-ExplainEd.debug.xcconfig"; sourceTree = "<group>"; };
		50306DD6BAED1EA5E6E6117F /* Pods-ExplainEdUITests.debug.xcconfig */ = {isa = PBXFileReference; includeInIndex = 1; lastKnownFileType = text.xcconfig; name = "Pods-ExplainEdUITests.debug.xcconfig"; path = "Pods/Target Support Files/Pods-ExplainEdUITests/Pods-ExplainEdUITests.debug.xcconfig"; sourceTree = "<group>"; };
		685D649821A2608400B90D1A /* LoginViewController.swift */ = {isa = PBXFileReference; lastKnownFileType = sourcecode.swift; path = LoginViewController.swift; sourceTree = "<group>"; };
		685D649A21A2609600B90D1A /* SignupViewController.swift */ = {isa = PBXFileReference; lastKnownFileType = sourcecode.swift; path = SignupViewController.swift; sourceTree = "<group>"; };
		685D649C21A260BD00B90D1A /* InitialViewController.swift */ = {isa = PBXFileReference; lastKnownFileType = sourcecode.swift; path = InitialViewController.swift; sourceTree = "<group>"; };
		685D649F21A260F600B90D1A /* OnboardingViewController.swift */ = {isa = PBXFileReference; lastKnownFileType = sourcecode.swift; path = OnboardingViewController.swift; sourceTree = "<group>"; };
		685D64A221A261F000B90D1A /* GoogleService-Info.plist */ = {isa = PBXFileReference; fileEncoding = 4; lastKnownFileType = text.plist.xml; path = "GoogleService-Info.plist"; sourceTree = "<group>"; };
		685D64A521A26B0500B90D1A /* FirebaseUser.swift */ = {isa = PBXFileReference; lastKnownFileType = sourcecode.swift; path = FirebaseUser.swift; sourceTree = "<group>"; };
		685D64A721A26BC600B90D1A /* UserProfile.swift */ = {isa = PBXFileReference; lastKnownFileType = sourcecode.swift; path = UserProfile.swift; sourceTree = "<group>"; };
		686A60E421A8F87D0024B045 /* SidebarView.swift */ = {isa = PBXFileReference; lastKnownFileType = sourcecode.swift; path = SidebarView.swift; sourceTree = "<group>"; };
		686A60E621A8F8AE0024B045 /* ViewController.swift */ = {isa = PBXFileReference; lastKnownFileType = sourcecode.swift; path = ViewController.swift; sourceTree = "<group>"; };
		686A60E821A8F8C80024B045 /* EditProfileVC.swift */ = {isa = PBXFileReference; lastKnownFileType = sourcecode.swift; path = EditProfileVC.swift; sourceTree = "<group>"; };
		6899E96521A2975D0089E7D6 /* AboutViewController.swift */ = {isa = PBXFileReference; lastKnownFileType = sourcecode.swift; path = AboutViewController.swift; sourceTree = "<group>"; };
		6899E96721A297D20089E7D6 /* ErrorAlert.swift */ = {isa = PBXFileReference; lastKnownFileType = sourcecode.swift; path = ErrorAlert.swift; sourceTree = "<group>"; };
		6899E96921A2981F0089E7D6 /* UIColor.swift */ = {isa = PBXFileReference; lastKnownFileType = sourcecode.swift; path = UIColor.swift; sourceTree = "<group>"; };
		68A2437921AB50BC00E2127E /* ViewController1.swift */ = {isa = PBXFileReference; lastKnownFileType = sourcecode.swift; path = ViewController1.swift; sourceTree = "<group>"; };
		68A2437D21AB50D600E2127E /* ViewController2.swift */ = {isa = PBXFileReference; lastKnownFileType = sourcecode.swift; path = ViewController2.swift; sourceTree = "<group>"; };
		68C16F2121B6014B00C190B8 /* MiniTabBar.swift */ = {isa = PBXFileReference; lastKnownFileType = sourcecode.swift; path = MiniTabBar.swift; sourceTree = "<group>"; };
		68C16F2321B6016D00C190B8 /* MiniTabBarItemView.swift */ = {isa = PBXFileReference; lastKnownFileType = sourcecode.swift; path = MiniTabBarItemView.swift; sourceTree = "<group>"; };
		68D11A7C21C766B4006DA584 /* InstagramUserInfoTableViewCell.swift */ = {isa = PBXFileReference; lastKnownFileType = sourcecode.swift; path = InstagramUserInfoTableViewCell.swift; sourceTree = "<group>"; };
		92727EF029F2D5137B37DC98 /* Pods-ExplainEdUITests.release.xcconfig */ = {isa = PBXFileReference; includeInIndex = 1; lastKnownFileType = text.xcconfig; name = "Pods-ExplainEdUITests.release.xcconfig"; path = "Pods/Target Support Files/Pods-ExplainEdUITests/Pods-ExplainEdUITests.release.xcconfig"; sourceTree = "<group>"; };
		C30207D52197DE5000BE6646 /* Media.xcassets */ = {isa = PBXFileReference; lastKnownFileType = folder.assetcatalog; path = Media.xcassets; sourceTree = "<group>"; };
		C3B51086215208C800594809 /* ExplainEd.app */ = {isa = PBXFileReference; explicitFileType = wrapper.application; includeInIndex = 0; path = ExplainEd.app; sourceTree = BUILT_PRODUCTS_DIR; };
		C3B51089215208C800594809 /* AppDelegate.swift */ = {isa = PBXFileReference; lastKnownFileType = sourcecode.swift; path = AppDelegate.swift; sourceTree = "<group>"; };
		C3B51090215208C800594809 /* Base */ = {isa = PBXFileReference; lastKnownFileType = file.storyboard; name = Base; path = Base.lproj/Main.storyboard; sourceTree = "<group>"; };
		C3B51095215208CA00594809 /* Base */ = {isa = PBXFileReference; lastKnownFileType = file.storyboard; name = Base; path = Base.lproj/LaunchScreen.storyboard; sourceTree = "<group>"; };
		C3B51097215208CA00594809 /* Info.plist */ = {isa = PBXFileReference; lastKnownFileType = text.plist.xml; path = Info.plist; sourceTree = "<group>"; };
		C3B5109C215208CA00594809 /* ExplainEdTests.xctest */ = {isa = PBXFileReference; explicitFileType = wrapper.cfbundle; includeInIndex = 0; path = ExplainEdTests.xctest; sourceTree = BUILT_PRODUCTS_DIR; };
		C3B510A0215208CA00594809 /* ExplainEdTests.swift */ = {isa = PBXFileReference; lastKnownFileType = sourcecode.swift; path = ExplainEdTests.swift; sourceTree = "<group>"; };
		C3B510A2215208CA00594809 /* Info.plist */ = {isa = PBXFileReference; lastKnownFileType = text.plist.xml; path = Info.plist; sourceTree = "<group>"; };
		C3B510A7215208CA00594809 /* ExplainEdUITests.xctest */ = {isa = PBXFileReference; explicitFileType = wrapper.cfbundle; includeInIndex = 0; path = ExplainEdUITests.xctest; sourceTree = BUILT_PRODUCTS_DIR; };
		C3B510AB215208CA00594809 /* ExplainEdUITests.swift */ = {isa = PBXFileReference; lastKnownFileType = sourcecode.swift; path = ExplainEdUITests.swift; sourceTree = "<group>"; };
		C3B510AD215208CA00594809 /* Info.plist */ = {isa = PBXFileReference; lastKnownFileType = text.plist.xml; path = Info.plist; sourceTree = "<group>"; };
		E14362B08F41DCAECA802D61 /* Pods_ExplainEdTests.framework */ = {isa = PBXFileReference; explicitFileType = wrapper.framework; includeInIndex = 0; path = Pods_ExplainEdTests.framework; sourceTree = BUILT_PRODUCTS_DIR; };
		F9D4A4298FCAF663E3350A10 /* Pods-ExplainEdTests.debug.xcconfig */ = {isa = PBXFileReference; includeInIndex = 1; lastKnownFileType = text.xcconfig; name = "Pods-ExplainEdTests.debug.xcconfig"; path = "Pods/Target Support Files/Pods-ExplainEdTests/Pods-ExplainEdTests.debug.xcconfig"; sourceTree = "<group>"; };
		FE33936FD9FA9AC686AFF7C9 /* Pods_ExplainEd.framework */ = {isa = PBXFileReference; explicitFileType = wrapper.framework; includeInIndex = 0; path = Pods_ExplainEd.framework; sourceTree = BUILT_PRODUCTS_DIR; };
/* End PBXFileReference section */

/* Begin PBXFrameworksBuildPhase section */
		C3B51083215208C800594809 /* Frameworks */ = {
			isa = PBXFrameworksBuildPhase;
			buildActionMask = 2147483647;
			files = (
				55041796D6FDEA73B0DBB9C1 /* Pods_ExplainEd.framework in Frameworks */,
			);
			runOnlyForDeploymentPostprocessing = 0;
		};
		C3B51099215208CA00594809 /* Frameworks */ = {
			isa = PBXFrameworksBuildPhase;
			buildActionMask = 2147483647;
			files = (
				79919EF52FEF1F1D327C2143 /* Pods_ExplainEdTests.framework in Frameworks */,
			);
			runOnlyForDeploymentPostprocessing = 0;
		};
		C3B510A4215208CA00594809 /* Frameworks */ = {
			isa = PBXFrameworksBuildPhase;
			buildActionMask = 2147483647;
			files = (
				861C704AF691CAC235176B18 /* Pods_ExplainEdUITests.framework in Frameworks */,
			);
			runOnlyForDeploymentPostprocessing = 0;
		};
/* End PBXFrameworksBuildPhase section */

/* Begin PBXGroup section */
		685D649721A2606500B90D1A /* Login */ = {
			isa = PBXGroup;
			children = (
				685D649C21A260BD00B90D1A /* InitialViewController.swift */,
				685D649821A2608400B90D1A /* LoginViewController.swift */,
				685D649A21A2609600B90D1A /* SignupViewController.swift */,
			);
			path = Login;
			sourceTree = "<group>";
		};
		685D649E21A260D600B90D1A /* Onboarding */ = {
			isa = PBXGroup;
			children = (
				685D649F21A260F600B90D1A /* OnboardingViewController.swift */,
			);
			path = Onboarding;
			sourceTree = "<group>";
		};
		685D64A121A2617D00B90D1A /* Storyboards */ = {
			isa = PBXGroup;
			children = (
				C3B5108F215208C800594809 /* Main.storyboard */,
				C3B51094215208CA00594809 /* LaunchScreen.storyboard */,
			);
			path = Storyboards;
			sourceTree = "<group>";
		};
		685D64A421A26AEA00B90D1A /* Extensions */ = {
			isa = PBXGroup;
			children = (
				685D64A521A26B0500B90D1A /* FirebaseUser.swift */,
				685D64A721A26BC600B90D1A /* UserProfile.swift */,
				6899E96721A297D20089E7D6 /* ErrorAlert.swift */,
				6899E96921A2981F0089E7D6 /* UIColor.swift */,
			);
			path = Extensions;
			sourceTree = "<group>";
		};
		686A60E321A8F8460024B045 /* SideBar */ = {
			isa = PBXGroup;
			children = (
				686A60E421A8F87D0024B045 /* SidebarView.swift */,
				686A60E621A8F8AE0024B045 /* ViewController.swift */,
				68A2437921AB50BC00E2127E /* ViewController1.swift */,
				68A2437D21AB50D600E2127E /* ViewController2.swift */,
				686A60E821A8F8C80024B045 /* EditProfileVC.swift */,
			);
			path = SideBar;
			sourceTree = "<group>";
		};
		68C16F2021B6013A00C190B8 /* MiniTabBar */ = {
			isa = PBXGroup;
			children = (
				68C16F2121B6014B00C190B8 /* MiniTabBar.swift */,
				68C16F2321B6016D00C190B8 /* MiniTabBarItemView.swift */,
			);
			path = MiniTabBar;
			sourceTree = "<group>";
		};
		68D11A6F21C5B586006DA584 /* Facebook */ = {
			isa = PBXGroup;
			children = (
			);
			path = Facebook;
			sourceTree = "<group>";
		};
		68D11A7221C72F0F006DA584 /* Instagram */ = {
			isa = PBXGroup;
			children = (
				68D11A7C21C766B4006DA584 /* InstagramUserInfoTableViewCell.swift */,
			);
			path = Instagram;
			sourceTree = "<group>";
		};
		68D11A7321C72F22006DA584 /* Snapchat */ = {
			isa = PBXGroup;
			children = (
			);
			path = Snapchat;
			sourceTree = "<group>";
		};
		B83489320D92FB26E1E1A86F /* Frameworks */ = {
			isa = PBXGroup;
			children = (
				FE33936FD9FA9AC686AFF7C9 /* Pods_ExplainEd.framework */,
				E14362B08F41DCAECA802D61 /* Pods_ExplainEdTests.framework */,
				130947F23D42E87306EAA1ED /* Pods_ExplainEdUITests.framework */,
			);
			name = Frameworks;
			sourceTree = "<group>";
		};
		C3B5107D215208C800594809 = {
			isa = PBXGroup;
			children = (
				C3B51088215208C800594809 /* ExplainEd */,
				C3B5109F215208CA00594809 /* ExplainEdTests */,
				C3B510AA215208CA00594809 /* ExplainEdUITests */,
				C3B51087215208C800594809 /* Products */,
				E04760CCC7BE0C30AE1A2842 /* Pods */,
				B83489320D92FB26E1E1A86F /* Frameworks */,
			);
			sourceTree = "<group>";
		};
		C3B51087215208C800594809 /* Products */ = {
			isa = PBXGroup;
			children = (
				C3B51086215208C800594809 /* ExplainEd.app */,
				C3B5109C215208CA00594809 /* ExplainEdTests.xctest */,
				C3B510A7215208CA00594809 /* ExplainEdUITests.xctest */,
			);
			name = Products;
			sourceTree = "<group>";
		};
		C3B51088215208C800594809 /* ExplainEd */ = {
			isa = PBXGroup;
			children = (
				C3B51089215208C800594809 /* AppDelegate.swift */,
				68C16F2021B6013A00C190B8 /* MiniTabBar */,
				685D64A421A26AEA00B90D1A /* Extensions */,
				685D649721A2606500B90D1A /* Login */,
				685D649E21A260D600B90D1A /* Onboarding */,
				686A60E321A8F8460024B045 /* SideBar */,
				685D64A121A2617D00B90D1A /* Storyboards */,
				68D11A7221C72F0F006DA584 /* Instagram */,
				68D11A6F21C5B586006DA584 /* Facebook */,
				68D11A7321C72F22006DA584 /* Snapchat */,
				6899E96521A2975D0089E7D6 /* AboutViewController.swift */,
				C30207D52197DE5000BE6646 /* Media.xcassets */,
				685D64A221A261F000B90D1A /* GoogleService-Info.plist */,
				C3B51097215208CA00594809 /* Info.plist */,
			);
			path = ExplainEd;
			sourceTree = "<group>";
		};
		C3B5109F215208CA00594809 /* ExplainEdTests */ = {
			isa = PBXGroup;
			children = (
				C3B510A0215208CA00594809 /* ExplainEdTests.swift */,
				C3B510A2215208CA00594809 /* Info.plist */,
			);
			path = ExplainEdTests;
			sourceTree = "<group>";
		};
		C3B510AA215208CA00594809 /* ExplainEdUITests */ = {
			isa = PBXGroup;
			children = (
				C3B510AB215208CA00594809 /* ExplainEdUITests.swift */,
				C3B510AD215208CA00594809 /* Info.plist */,
			);
			path = ExplainEdUITests;
			sourceTree = "<group>";
		};
		E04760CCC7BE0C30AE1A2842 /* Pods */ = {
			isa = PBXGroup;
			children = (
				2FDC0D48C6FCF84EBF7698C3 /* Pods-ExplainEd.debug.xcconfig */,
				180E72B3FCDAB9C9EA224C75 /* Pods-ExplainEd.release.xcconfig */,
				F9D4A4298FCAF663E3350A10 /* Pods-ExplainEdTests.debug.xcconfig */,
				15D34F25494A2D43748F94C7 /* Pods-ExplainEdTests.release.xcconfig */,
				50306DD6BAED1EA5E6E6117F /* Pods-ExplainEdUITests.debug.xcconfig */,
				92727EF029F2D5137B37DC98 /* Pods-ExplainEdUITests.release.xcconfig */,
			);
			name = Pods;
			sourceTree = "<group>";
		};
/* End PBXGroup section */

/* Begin PBXNativeTarget section */
		C3B51085215208C800594809 /* ExplainEd */ = {
			isa = PBXNativeTarget;
			buildConfigurationList = C3B510B0215208CA00594809 /* Build configuration list for PBXNativeTarget "ExplainEd" */;
			buildPhases = (
				EAB4F3546D217FFFB1D8433F /* [CP] Check Pods Manifest.lock */,
				C3B51082215208C800594809 /* Sources */,
				C3B51083215208C800594809 /* Frameworks */,
				C3B51084215208C800594809 /* Resources */,
				0A61E3C6384A60BB71E096AC /* [CP] Embed Pods Frameworks */,
				0F052D1E4455652E4AC4F2BD /* [CP] Copy Pods Resources */,
			);
			buildRules = (
			);
			dependencies = (
			);
			name = ExplainEd;
			productName = ExplainEd;
			productReference = C3B51086215208C800594809 /* ExplainEd.app */;
			productType = "com.apple.product-type.application";
		};
		C3B5109B215208CA00594809 /* ExplainEdTests */ = {
			isa = PBXNativeTarget;
			buildConfigurationList = C3B510B3215208CA00594809 /* Build configuration list for PBXNativeTarget "ExplainEdTests" */;
			buildPhases = (
				9E89022A60D9F2D638250D7C /* [CP] Check Pods Manifest.lock */,
				C3B51098215208CA00594809 /* Sources */,
				C3B51099215208CA00594809 /* Frameworks */,
				C3B5109A215208CA00594809 /* Resources */,
			);
			buildRules = (
			);
			dependencies = (
				C3B5109E215208CA00594809 /* PBXTargetDependency */,
			);
			name = ExplainEdTests;
			productName = ExplainEdTests;
			productReference = C3B5109C215208CA00594809 /* ExplainEdTests.xctest */;
			productType = "com.apple.product-type.bundle.unit-test";
		};
		C3B510A6215208CA00594809 /* ExplainEdUITests */ = {
			isa = PBXNativeTarget;
			buildConfigurationList = C3B510B6215208CA00594809 /* Build configuration list for PBXNativeTarget "ExplainEdUITests" */;
			buildPhases = (
				01FAA64EE5B8D128EBF16D51 /* [CP] Check Pods Manifest.lock */,
				C3B510A3215208CA00594809 /* Sources */,
				C3B510A4215208CA00594809 /* Frameworks */,
				C3B510A5215208CA00594809 /* Resources */,
			);
			buildRules = (
			);
			dependencies = (
				C3B510A9215208CA00594809 /* PBXTargetDependency */,
			);
			name = ExplainEdUITests;
			productName = ExplainEdUITests;
			productReference = C3B510A7215208CA00594809 /* ExplainEdUITests.xctest */;
			productType = "com.apple.product-type.bundle.ui-testing";
		};
/* End PBXNativeTarget section */

/* Begin PBXProject section */
		C3B5107E215208C800594809 /* Project object */ = {
			isa = PBXProject;
			attributes = {
				LastSwiftUpdateCheck = 0940;
				LastUpgradeCheck = 0940;
				ORGANIZATIONNAME = "Josef Teska";
				TargetAttributes = {
					C3B51085215208C800594809 = {
						CreatedOnToolsVersion = 9.4.1;
						LastSwiftMigration = 1000;
					};
					C3B5109B215208CA00594809 = {
						CreatedOnToolsVersion = 9.4.1;
						LastSwiftMigration = 1000;
						TestTargetID = C3B51085215208C800594809;
					};
					C3B510A6215208CA00594809 = {
						CreatedOnToolsVersion = 9.4.1;
						LastSwiftMigration = 1000;
						TestTargetID = C3B51085215208C800594809;
					};
				};
			};
			buildConfigurationList = C3B51081215208C800594809 /* Build configuration list for PBXProject "ExplainEd" */;
			compatibilityVersion = "Xcode 9.3";
			developmentRegion = en;
			hasScannedForEncodings = 0;
			knownRegions = (
				en,
				Base,
			);
			mainGroup = C3B5107D215208C800594809;
			productRefGroup = C3B51087215208C800594809 /* Products */;
			projectDirPath = "";
			projectRoot = "";
			targets = (
				C3B51085215208C800594809 /* ExplainEd */,
				C3B5109B215208CA00594809 /* ExplainEdTests */,
				C3B510A6215208CA00594809 /* ExplainEdUITests */,
			);
		};
/* End PBXProject section */

/* Begin PBXResourcesBuildPhase section */
		C3B51084215208C800594809 /* Resources */ = {
			isa = PBXResourcesBuildPhase;
			buildActionMask = 2147483647;
			files = (
				C3B51096215208CA00594809 /* LaunchScreen.storyboard in Resources */,
				C30207D62197DE5000BE6646 /* Media.xcassets in Resources */,
				C3B51091215208C800594809 /* Main.storyboard in Resources */,
				685D64A321A261F000B90D1A /* GoogleService-Info.plist in Resources */,
			);
			runOnlyForDeploymentPostprocessing = 0;
		};
		C3B5109A215208CA00594809 /* Resources */ = {
			isa = PBXResourcesBuildPhase;
			buildActionMask = 2147483647;
			files = (
			);
			runOnlyForDeploymentPostprocessing = 0;
		};
		C3B510A5215208CA00594809 /* Resources */ = {
			isa = PBXResourcesBuildPhase;
			buildActionMask = 2147483647;
			files = (
			);
			runOnlyForDeploymentPostprocessing = 0;
		};
/* End PBXResourcesBuildPhase section */

/* Begin PBXShellScriptBuildPhase section */
		01FAA64EE5B8D128EBF16D51 /* [CP] Check Pods Manifest.lock */ = {
			isa = PBXShellScriptBuildPhase;
			buildActionMask = 2147483647;
			files = (
			);
			inputPaths = (
				"${PODS_PODFILE_DIR_PATH}/Podfile.lock",
				"${PODS_ROOT}/Manifest.lock",
			);
			name = "[CP] Check Pods Manifest.lock";
			outputPaths = (
				"$(DERIVED_FILE_DIR)/Pods-ExplainEdUITests-checkManifestLockResult.txt",
			);
			runOnlyForDeploymentPostprocessing = 0;
			shellPath = /bin/sh;
			shellScript = "diff \"${PODS_PODFILE_DIR_PATH}/Podfile.lock\" \"${PODS_ROOT}/Manifest.lock\" > /dev/null\nif [ $? != 0 ] ; then\n    # print error to STDERR\n    echo \"error: The sandbox is not in sync with the Podfile.lock. Run 'pod install' or update your CocoaPods installation.\" >&2\n    exit 1\nfi\n# This output is used by Xcode 'outputs' to avoid re-running this script phase.\necho \"SUCCESS\" > \"${SCRIPT_OUTPUT_FILE_0}\"\n";
			showEnvVarsInLog = 0;
		};
		0A61E3C6384A60BB71E096AC /* [CP] Embed Pods Frameworks */ = {
			isa = PBXShellScriptBuildPhase;
			buildActionMask = 2147483647;
			files = (
			);
			inputPaths = (
				"${SRCROOT}/Pods/Target Support Files/Pods-ExplainEd/Pods-ExplainEd-frameworks.sh",
				"${BUILT_PRODUCTS_DIR}/Bolts/Bolts.framework",
				"${BUILT_PRODUCTS_DIR}/FBSDKCoreKit/FBSDKCoreKit.framework",
				"${BUILT_PRODUCTS_DIR}/FBSDKLoginKit/FBSDKLoginKit.framework",
				"${BUILT_PRODUCTS_DIR}/FacebookCore/FacebookCore.framework",
				"${BUILT_PRODUCTS_DIR}/FacebookLogin/FacebookLogin.framework",
				"${BUILT_PRODUCTS_DIR}/GTMSessionFetcher/GTMSessionFetcher.framework",
				"${BUILT_PRODUCTS_DIR}/GoogleToolboxForMac/GoogleToolboxForMac.framework",
				"${BUILT_PRODUCTS_DIR}/GoogleUtilities/GoogleUtilities.framework",
				"${BUILT_PRODUCTS_DIR}/JGProgressHUD/JGProgressHUD.framework",
				"${BUILT_PRODUCTS_DIR}/MiniTabBar/MiniTabBar.framework",
				"${BUILT_PRODUCTS_DIR}/PasswordTextField/PasswordTextField.framework",
				"${BUILT_PRODUCTS_DIR}/SwiftyButton/SwiftyButton.framework",
				"${BUILT_PRODUCTS_DIR}/SwiftyJSON/SwiftyJSON.framework",
				"${BUILT_PRODUCTS_DIR}/leveldb-library/leveldb.framework",
				"${BUILT_PRODUCTS_DIR}/nanopb/nanopb.framework",
			);
			name = "[CP] Embed Pods Frameworks";
			outputPaths = (
				"${TARGET_BUILD_DIR}/${FRAMEWORKS_FOLDER_PATH}/Bolts.framework",
				"${TARGET_BUILD_DIR}/${FRAMEWORKS_FOLDER_PATH}/FBSDKCoreKit.framework",
				"${TARGET_BUILD_DIR}/${FRAMEWORKS_FOLDER_PATH}/FBSDKLoginKit.framework",
				"${TARGET_BUILD_DIR}/${FRAMEWORKS_FOLDER_PATH}/FacebookCore.framework",
				"${TARGET_BUILD_DIR}/${FRAMEWORKS_FOLDER_PATH}/FacebookLogin.framework",
				"${TARGET_BUILD_DIR}/${FRAMEWORKS_FOLDER_PATH}/GTMSessionFetcher.framework",
				"${TARGET_BUILD_DIR}/${FRAMEWORKS_FOLDER_PATH}/GoogleToolboxForMac.framework",
				"${TARGET_BUILD_DIR}/${FRAMEWORKS_FOLDER_PATH}/GoogleUtilities.framework",
				"${TARGET_BUILD_DIR}/${FRAMEWORKS_FOLDER_PATH}/JGProgressHUD.framework",
				"${TARGET_BUILD_DIR}/${FRAMEWORKS_FOLDER_PATH}/MiniTabBar.framework",
				"${TARGET_BUILD_DIR}/${FRAMEWORKS_FOLDER_PATH}/PasswordTextField.framework",
				"${TARGET_BUILD_DIR}/${FRAMEWORKS_FOLDER_PATH}/SwiftyButton.framework",
				"${TARGET_BUILD_DIR}/${FRAMEWORKS_FOLDER_PATH}/SwiftyJSON.framework",
				"${TARGET_BUILD_DIR}/${FRAMEWORKS_FOLDER_PATH}/leveldb.framework",
				"${TARGET_BUILD_DIR}/${FRAMEWORKS_FOLDER_PATH}/nanopb.framework",
			);
			runOnlyForDeploymentPostprocessing = 0;
			shellPath = /bin/sh;
			shellScript = "\"${SRCROOT}/Pods/Target Support Files/Pods-ExplainEd/Pods-ExplainEd-frameworks.sh\"\n";
			showEnvVarsInLog = 0;
		};
		0F052D1E4455652E4AC4F2BD /* [CP] Copy Pods Resources */ = {
			isa = PBXShellScriptBuildPhase;
			buildActionMask = 2147483647;
			files = (
			);
			inputPaths = (
				"${SRCROOT}/Pods/Target Support Files/Pods-ExplainEd/Pods-ExplainEd-resources.sh",
				"${PODS_ROOT}/GoogleSignIn/Resources/GoogleSignIn.bundle",
			);
			name = "[CP] Copy Pods Resources";
			outputPaths = (
				"${TARGET_BUILD_DIR}/${UNLOCALIZED_RESOURCES_FOLDER_PATH}/GoogleSignIn.bundle",
			);
			runOnlyForDeploymentPostprocessing = 0;
			shellPath = /bin/sh;
			shellScript = "\"${SRCROOT}/Pods/Target Support Files/Pods-ExplainEd/Pods-ExplainEd-resources.sh\"\n";
			showEnvVarsInLog = 0;
		};
		9E89022A60D9F2D638250D7C /* [CP] Check Pods Manifest.lock */ = {
			isa = PBXShellScriptBuildPhase;
			buildActionMask = 2147483647;
			files = (
			);
			inputPaths = (
				"${PODS_PODFILE_DIR_PATH}/Podfile.lock",
				"${PODS_ROOT}/Manifest.lock",
			);
			name = "[CP] Check Pods Manifest.lock";
			outputPaths = (
				"$(DERIVED_FILE_DIR)/Pods-ExplainEdTests-checkManifestLockResult.txt",
			);
			runOnlyForDeploymentPostprocessing = 0;
			shellPath = /bin/sh;
			shellScript = "diff \"${PODS_PODFILE_DIR_PATH}/Podfile.lock\" \"${PODS_ROOT}/Manifest.lock\" > /dev/null\nif [ $? != 0 ] ; then\n    # print error to STDERR\n    echo \"error: The sandbox is not in sync with the Podfile.lock. Run 'pod install' or update your CocoaPods installation.\" >&2\n    exit 1\nfi\n# This output is used by Xcode 'outputs' to avoid re-running this script phase.\necho \"SUCCESS\" > \"${SCRIPT_OUTPUT_FILE_0}\"\n";
			showEnvVarsInLog = 0;
		};
		EAB4F3546D217FFFB1D8433F /* [CP] Check Pods Manifest.lock */ = {
			isa = PBXShellScriptBuildPhase;
			buildActionMask = 2147483647;
			files = (
			);
			inputPaths = (
				"${PODS_PODFILE_DIR_PATH}/Podfile.lock",
				"${PODS_ROOT}/Manifest.lock",
			);
			name = "[CP] Check Pods Manifest.lock";
			outputPaths = (
				"$(DERIVED_FILE_DIR)/Pods-ExplainEd-checkManifestLockResult.txt",
			);
			runOnlyForDeploymentPostprocessing = 0;
			shellPath = /bin/sh;
			shellScript = "diff \"${PODS_PODFILE_DIR_PATH}/Podfile.lock\" \"${PODS_ROOT}/Manifest.lock\" > /dev/null\nif [ $? != 0 ] ; then\n    # print error to STDERR\n    echo \"error: The sandbox is not in sync with the Podfile.lock. Run 'pod install' or update your CocoaPods installation.\" >&2\n    exit 1\nfi\n# This output is used by Xcode 'outputs' to avoid re-running this script phase.\necho \"SUCCESS\" > \"${SCRIPT_OUTPUT_FILE_0}\"\n";
			showEnvVarsInLog = 0;
		};
/* End PBXShellScriptBuildPhase section */

/* Begin PBXSourcesBuildPhase section */
		C3B51082215208C800594809 /* Sources */ = {
			isa = PBXSourcesBuildPhase;
			buildActionMask = 2147483647;
			files = (
				68C16F2221B6014B00C190B8 /* MiniTabBar.swift in Sources */,
				68D11A7D21C766B4006DA584 /* InstagramUserInfoTableViewCell.swift in Sources */,
				686A60E721A8F8AE0024B045 /* ViewController.swift in Sources */,
				685D649B21A2609600B90D1A /* SignupViewController.swift in Sources */,
				6899E96821A297D20089E7D6 /* ErrorAlert.swift in Sources */,
				685D649D21A260BD00B90D1A /* InitialViewController.swift in Sources */,
				6899E96621A2975D0089E7D6 /* AboutViewController.swift in Sources */,
				68A2437A21AB50BC00E2127E /* ViewController1.swift in Sources */,
				685D64A821A26BC600B90D1A /* UserProfile.swift in Sources */,
				685D64A021A260F600B90D1A /* OnboardingViewController.swift in Sources */,
				68C16F2421B6016D00C190B8 /* MiniTabBarItemView.swift in Sources */,
				C3B5108A215208C800594809 /* AppDelegate.swift in Sources */,
				68A2437E21AB50D600E2127E /* ViewController2.swift in Sources */,
				686A60E521A8F87D0024B045 /* SidebarView.swift in Sources */,
				6899E96A21A2981F0089E7D6 /* UIColor.swift in Sources */,
				685D649921A2608400B90D1A /* LoginViewController.swift in Sources */,
				686A60E921A8F8C80024B045 /* EditProfileVC.swift in Sources */,
				685D64A621A26B0500B90D1A /* FirebaseUser.swift in Sources */,
			);
			runOnlyForDeploymentPostprocessing = 0;
		};
		C3B51098215208CA00594809 /* Sources */ = {
			isa = PBXSourcesBuildPhase;
			buildActionMask = 2147483647;
			files = (
				C3B510A1215208CA00594809 /* ExplainEdTests.swift in Sources */,
			);
			runOnlyForDeploymentPostprocessing = 0;
		};
		C3B510A3215208CA00594809 /* Sources */ = {
			isa = PBXSourcesBuildPhase;
			buildActionMask = 2147483647;
			files = (
				C3B510AC215208CA00594809 /* ExplainEdUITests.swift in Sources */,
			);
			runOnlyForDeploymentPostprocessing = 0;
		};
/* End PBXSourcesBuildPhase section */

/* Begin PBXTargetDependency section */
		C3B5109E215208CA00594809 /* PBXTargetDependency */ = {
			isa = PBXTargetDependency;
			target = C3B51085215208C800594809 /* ExplainEd */;
			targetProxy = C3B5109D215208CA00594809 /* PBXContainerItemProxy */;
		};
		C3B510A9215208CA00594809 /* PBXTargetDependency */ = {
			isa = PBXTargetDependency;
			target = C3B51085215208C800594809 /* ExplainEd */;
			targetProxy = C3B510A8215208CA00594809 /* PBXContainerItemProxy */;
		};
/* End PBXTargetDependency section */

/* Begin PBXVariantGroup section */
		C3B5108F215208C800594809 /* Main.storyboard */ = {
			isa = PBXVariantGroup;
			children = (
				C3B51090215208C800594809 /* Base */,
			);
			name = Main.storyboard;
			sourceTree = "<group>";
		};
		C3B51094215208CA00594809 /* LaunchScreen.storyboard */ = {
			isa = PBXVariantGroup;
			children = (
				C3B51095215208CA00594809 /* Base */,
			);
			name = LaunchScreen.storyboard;
			sourceTree = "<group>";
		};
/* End PBXVariantGroup section */

/* Begin XCBuildConfiguration section */
		C3B510AE215208CA00594809 /* Debug */ = {
			isa = XCBuildConfiguration;
			buildSettings = {
				ALWAYS_SEARCH_USER_PATHS = NO;
				CLANG_ANALYZER_NONNULL = YES;
				CLANG_ANALYZER_NUMBER_OBJECT_CONVERSION = YES_AGGRESSIVE;
				CLANG_CXX_LANGUAGE_STANDARD = "gnu++14";
				CLANG_CXX_LIBRARY = "libc++";
				CLANG_ENABLE_MODULES = YES;
				CLANG_ENABLE_OBJC_ARC = YES;
				CLANG_ENABLE_OBJC_WEAK = YES;
				CLANG_WARN_BLOCK_CAPTURE_AUTORELEASING = YES;
				CLANG_WARN_BOOL_CONVERSION = YES;
				CLANG_WARN_COMMA = YES;
				CLANG_WARN_CONSTANT_CONVERSION = YES;
				CLANG_WARN_DEPRECATED_OBJC_IMPLEMENTATIONS = YES;
				CLANG_WARN_DIRECT_OBJC_ISA_USAGE = YES_ERROR;
				CLANG_WARN_DOCUMENTATION_COMMENTS = YES;
				CLANG_WARN_EMPTY_BODY = YES;
				CLANG_WARN_ENUM_CONVERSION = YES;
				CLANG_WARN_INFINITE_RECURSION = YES;
				CLANG_WARN_INT_CONVERSION = YES;
				CLANG_WARN_NON_LITERAL_NULL_CONVERSION = YES;
				CLANG_WARN_OBJC_IMPLICIT_RETAIN_SELF = YES;
				CLANG_WARN_OBJC_LITERAL_CONVERSION = YES;
				CLANG_WARN_OBJC_ROOT_CLASS = YES_ERROR;
				CLANG_WARN_RANGE_LOOP_ANALYSIS = YES;
				CLANG_WARN_STRICT_PROTOTYPES = YES;
				CLANG_WARN_SUSPICIOUS_MOVE = YES;
				CLANG_WARN_UNGUARDED_AVAILABILITY = YES_AGGRESSIVE;
				CLANG_WARN_UNREACHABLE_CODE = YES;
				CLANG_WARN__DUPLICATE_METHOD_MATCH = YES;
				CODE_SIGN_IDENTITY = "iPhone Developer";
				COPY_PHASE_STRIP = NO;
				DEBUG_INFORMATION_FORMAT = dwarf;
				ENABLE_STRICT_OBJC_MSGSEND = YES;
				ENABLE_TESTABILITY = YES;
				GCC_C_LANGUAGE_STANDARD = gnu11;
				GCC_DYNAMIC_NO_PIC = NO;
				GCC_NO_COMMON_BLOCKS = YES;
				GCC_OPTIMIZATION_LEVEL = 0;
				GCC_PREPROCESSOR_DEFINITIONS = (
					"DEBUG=1",
					"$(inherited)",
				);
				GCC_WARN_64_TO_32_BIT_CONVERSION = YES;
				GCC_WARN_ABOUT_RETURN_TYPE = YES_ERROR;
				GCC_WARN_UNDECLARED_SELECTOR = YES;
				GCC_WARN_UNINITIALIZED_AUTOS = YES_AGGRESSIVE;
				GCC_WARN_UNUSED_FUNCTION = YES;
				GCC_WARN_UNUSED_VARIABLE = YES;
				IPHONEOS_DEPLOYMENT_TARGET = 11.4;
				MTL_ENABLE_DEBUG_INFO = YES;
				ONLY_ACTIVE_ARCH = YES;
				SDKROOT = iphoneos;
				SWIFT_ACTIVE_COMPILATION_CONDITIONS = DEBUG;
				SWIFT_OPTIMIZATION_LEVEL = "-Onone";
			};
			name = Debug;
		};
		C3B510AF215208CA00594809 /* Release */ = {
			isa = XCBuildConfiguration;
			buildSettings = {
				ALWAYS_SEARCH_USER_PATHS = NO;
				CLANG_ANALYZER_NONNULL = YES;
				CLANG_ANALYZER_NUMBER_OBJECT_CONVERSION = YES_AGGRESSIVE;
				CLANG_CXX_LANGUAGE_STANDARD = "gnu++14";
				CLANG_CXX_LIBRARY = "libc++";
				CLANG_ENABLE_MODULES = YES;
				CLANG_ENABLE_OBJC_ARC = YES;
				CLANG_ENABLE_OBJC_WEAK = YES;
				CLANG_WARN_BLOCK_CAPTURE_AUTORELEASING = YES;
				CLANG_WARN_BOOL_CONVERSION = YES;
				CLANG_WARN_COMMA = YES;
				CLANG_WARN_CONSTANT_CONVERSION = YES;
				CLANG_WARN_DEPRECATED_OBJC_IMPLEMENTATIONS = YES;
				CLANG_WARN_DIRECT_OBJC_ISA_USAGE = YES_ERROR;
				CLANG_WARN_DOCUMENTATION_COMMENTS = YES;
				CLANG_WARN_EMPTY_BODY = YES;
				CLANG_WARN_ENUM_CONVERSION = YES;
				CLANG_WARN_INFINITE_RECURSION = YES;
				CLANG_WARN_INT_CONVERSION = YES;
				CLANG_WARN_NON_LITERAL_NULL_CONVERSION = YES;
				CLANG_WARN_OBJC_IMPLICIT_RETAIN_SELF = YES;
				CLANG_WARN_OBJC_LITERAL_CONVERSION = YES;
				CLANG_WARN_OBJC_ROOT_CLASS = YES_ERROR;
				CLANG_WARN_RANGE_LOOP_ANALYSIS = YES;
				CLANG_WARN_STRICT_PROTOTYPES = YES;
				CLANG_WARN_SUSPICIOUS_MOVE = YES;
				CLANG_WARN_UNGUARDED_AVAILABILITY = YES_AGGRESSIVE;
				CLANG_WARN_UNREACHABLE_CODE = YES;
				CLANG_WARN__DUPLICATE_METHOD_MATCH = YES;
				CODE_SIGN_IDENTITY = "iPhone Developer";
				COPY_PHASE_STRIP = NO;
				DEBUG_INFORMATION_FORMAT = "dwarf-with-dsym";
				ENABLE_NS_ASSERTIONS = NO;
				ENABLE_STRICT_OBJC_MSGSEND = YES;
				GCC_C_LANGUAGE_STANDARD = gnu11;
				GCC_NO_COMMON_BLOCKS = YES;
				GCC_WARN_64_TO_32_BIT_CONVERSION = YES;
				GCC_WARN_ABOUT_RETURN_TYPE = YES_ERROR;
				GCC_WARN_UNDECLARED_SELECTOR = YES;
				GCC_WARN_UNINITIALIZED_AUTOS = YES_AGGRESSIVE;
				GCC_WARN_UNUSED_FUNCTION = YES;
				GCC_WARN_UNUSED_VARIABLE = YES;
				IPHONEOS_DEPLOYMENT_TARGET = 11.4;
				MTL_ENABLE_DEBUG_INFO = NO;
				SDKROOT = iphoneos;
				SWIFT_COMPILATION_MODE = wholemodule;
				SWIFT_OPTIMIZATION_LEVEL = "-O";
				VALIDATE_PRODUCT = YES;
			};
			name = Release;
		};
		C3B510B1215208CA00594809 /* Debug */ = {
			isa = XCBuildConfiguration;
			baseConfigurationReference = 2FDC0D48C6FCF84EBF7698C3 /* Pods-ExplainEd.debug.xcconfig */;
			buildSettings = {
				ASSETCATALOG_COMPILER_APPICON_NAME = AppIcon;
				ASSETCATALOG_COMPILER_LAUNCHIMAGE_NAME = LaunchImage;
				CODE_SIGN_STYLE = Automatic;
				DEVELOPMENT_TEAM = HBRJSM8X9L;
				INFOPLIST_FILE = ExplainEd/Info.plist;
				IPHONEOS_DEPLOYMENT_TARGET = 11.3;
				LD_RUNPATH_SEARCH_PATHS = (
					"$(inherited)",
					"@executable_path/Frameworks",
				);
				PRODUCT_BUNDLE_IDENTIFIER = teska.ExplainEd;
				PRODUCT_NAME = "$(TARGET_NAME)";
				SWIFT_VERSION = 4.2;
				TARGETED_DEVICE_FAMILY = 1;
			};
			name = Debug;
		};
		C3B510B2215208CA00594809 /* Release */ = {
			isa = XCBuildConfiguration;
			baseConfigurationReference = 180E72B3FCDAB9C9EA224C75 /* Pods-ExplainEd.release.xcconfig */;
			buildSettings = {
				ASSETCATALOG_COMPILER_APPICON_NAME = AppIcon;
				ASSETCATALOG_COMPILER_LAUNCHIMAGE_NAME = LaunchImage;
				CODE_SIGN_STYLE = Automatic;
				DEVELOPMENT_TEAM = HBRJSM8X9L;
				INFOPLIST_FILE = ExplainEd/Info.plist;
				IPHONEOS_DEPLOYMENT_TARGET = 11.3;
				LD_RUNPATH_SEARCH_PATHS = (
					"$(inherited)",
					"@executable_path/Frameworks",
				);
				PRODUCT_BUNDLE_IDENTIFIER = teska.ExplainEd;
				PRODUCT_NAME = "$(TARGET_NAME)";
				SWIFT_VERSION = 4.2;
				TARGETED_DEVICE_FAMILY = 1;
			};
			name = Release;
		};
		C3B510B4215208CA00594809 /* Debug */ = {
			isa = XCBuildConfiguration;
			baseConfigurationReference = F9D4A4298FCAF663E3350A10 /* Pods-ExplainEdTests.debug.xcconfig */;
			buildSettings = {
				ALWAYS_EMBED_SWIFT_STANDARD_LIBRARIES = YES;
				BUNDLE_LOADER = "$(TEST_HOST)";
				CODE_SIGN_STYLE = Automatic;
				DEVELOPMENT_TEAM = HBRJSM8X9L;
				INFOPLIST_FILE = ExplainEdTests/Info.plist;
				LD_RUNPATH_SEARCH_PATHS = (
					"$(inherited)",
					"@executable_path/Frameworks",
					"@loader_path/Frameworks",
				);
				PRODUCT_BUNDLE_IDENTIFIER = teska.ExplainEdTests;
				PRODUCT_NAME = "$(TARGET_NAME)";
				SWIFT_VERSION = 4.2;
				TARGETED_DEVICE_FAMILY = "1,2";
				TEST_HOST = "$(BUILT_PRODUCTS_DIR)/ExplainEd.app/ExplainEd";
			};
			name = Debug;
		};
		C3B510B5215208CA00594809 /* Release */ = {
			isa = XCBuildConfiguration;
			baseConfigurationReference = 15D34F25494A2D43748F94C7 /* Pods-ExplainEdTests.release.xcconfig */;
			buildSettings = {
				ALWAYS_EMBED_SWIFT_STANDARD_LIBRARIES = YES;
				BUNDLE_LOADER = "$(TEST_HOST)";
				CODE_SIGN_STYLE = Automatic;
				DEVELOPMENT_TEAM = HBRJSM8X9L;
				INFOPLIST_FILE = ExplainEdTests/Info.plist;
				LD_RUNPATH_SEARCH_PATHS = (
					"$(inherited)",
					"@executable_path/Frameworks",
					"@loader_path/Frameworks",
				);
				PRODUCT_BUNDLE_IDENTIFIER = teska.ExplainEdTests;
				PRODUCT_NAME = "$(TARGET_NAME)";
				SWIFT_VERSION = 4.2;
				TARGETED_DEVICE_FAMILY = "1,2";
				TEST_HOST = "$(BUILT_PRODUCTS_DIR)/ExplainEd.app/ExplainEd";
			};
			name = Release;
		};
		C3B510B7215208CA00594809 /* Debug */ = {
			isa = XCBuildConfiguration;
			baseConfigurationReference = 50306DD6BAED1EA5E6E6117F /* Pods-ExplainEdUITests.debug.xcconfig */;
			buildSettings = {
				ALWAYS_EMBED_SWIFT_STANDARD_LIBRARIES = YES;
				CODE_SIGN_STYLE = Automatic;
				DEVELOPMENT_TEAM = HBRJSM8X9L;
				INFOPLIST_FILE = ExplainEdUITests/Info.plist;
				LD_RUNPATH_SEARCH_PATHS = (
					"$(inherited)",
					"@executable_path/Frameworks",
					"@loader_path/Frameworks",
				);
				PRODUCT_BUNDLE_IDENTIFIER = teska.ExplainEdUITests;
				PRODUCT_NAME = "$(TARGET_NAME)";
				SWIFT_VERSION = 4.2;
				TARGETED_DEVICE_FAMILY = "1,2";
				TEST_TARGET_NAME = ExplainEd;
			};
			name = Debug;
		};
		C3B510B8215208CA00594809 /* Release */ = {
			isa = XCBuildConfiguration;
			baseConfigurationReference = 92727EF029F2D5137B37DC98 /* Pods-ExplainEdUITests.release.xcconfig */;
			buildSettings = {
				ALWAYS_EMBED_SWIFT_STANDARD_LIBRARIES = YES;
				CODE_SIGN_STYLE = Automatic;
				DEVELOPMENT_TEAM = HBRJSM8X9L;
				INFOPLIST_FILE = ExplainEdUITests/Info.plist;
				LD_RUNPATH_SEARCH_PATHS = (
					"$(inherited)",
					"@executable_path/Frameworks",
					"@loader_path/Frameworks",
				);
				PRODUCT_BUNDLE_IDENTIFIER = teska.ExplainEdUITests;
				PRODUCT_NAME = "$(TARGET_NAME)";
				SWIFT_VERSION = 4.2;
				TARGETED_DEVICE_FAMILY = "1,2";
				TEST_TARGET_NAME = ExplainEd;
			};
			name = Release;
		};
/* End XCBuildConfiguration section */

/* Begin XCConfigurationList section */
		C3B51081215208C800594809 /* Build configuration list for PBXProject "ExplainEd" */ = {
			isa = XCConfigurationList;
			buildConfigurations = (
				C3B510AE215208CA00594809 /* Debug */,
				C3B510AF215208CA00594809 /* Release */,
			);
			defaultConfigurationIsVisible = 0;
			defaultConfigurationName = Release;
		};
		C3B510B0215208CA00594809 /* Build configuration list for PBXNativeTarget "ExplainEd" */ = {
			isa = XCConfigurationList;
			buildConfigurations = (
				C3B510B1215208CA00594809 /* Debug */,
				C3B510B2215208CA00594809 /* Release */,
			);
			defaultConfigurationIsVisible = 0;
			defaultConfigurationName = Release;
		};
		C3B510B3215208CA00594809 /* Build configuration list for PBXNativeTarget "ExplainEdTests" */ = {
			isa = XCConfigurationList;
			buildConfigurations = (
				C3B510B4215208CA00594809 /* Debug */,
				C3B510B5215208CA00594809 /* Release */,
			);
			defaultConfigurationIsVisible = 0;
			defaultConfigurationName = Release;
		};
		C3B510B6215208CA00594809 /* Build configuration list for PBXNativeTarget "ExplainEdUITests" */ = {
			isa = XCConfigurationList;
			buildConfigurations = (
				C3B510B7215208CA00594809 /* Debug */,
				C3B510B8215208CA00594809 /* Release */,
			);
			defaultConfigurationIsVisible = 0;
			defaultConfigurationName = Release;
		};
/* End XCConfigurationList section */
	};
	rootObject = C3B5107E215208C800594809 /* Project object */;
}
